// !$*UTF8*$!
{
	archiveVersion = 1;
	classes = {
	};
	objectVersion = 55;
	objects = {

/* Begin PBXBuildFile section */
		23C5F730275424D3006F0DE1 /* ScrumdingerTCAApp.swift in Sources */ = {isa = PBXBuildFile; fileRef = 23C5F72F275424D3006F0DE1 /* ScrumdingerTCAApp.swift */; };
		23C5F732275424D3006F0DE1 /* AppView.swift in Sources */ = {isa = PBXBuildFile; fileRef = 23C5F731275424D3006F0DE1 /* AppView.swift */; };
		23C5F741275424D4006F0DE1 /* ScrumdingerTCATests.swift in Sources */ = {isa = PBXBuildFile; fileRef = 23C5F740275424D4006F0DE1 /* ScrumdingerTCATests.swift */; };
		23C5F7C727542A40006F0DE1 /* ComposableArchitecture in Frameworks */ = {isa = PBXBuildFile; productRef = 23C5F7C627542A40006F0DE1 /* ComposableArchitecture */; };
		23C5F7CB27542BE2006F0DE1 /* EditView.swift in Sources */ = {isa = PBXBuildFile; fileRef = 23C5F7CA27542BE2006F0DE1 /* EditView.swift */; };
		23C5F7CD27542C5E006F0DE1 /* Color.swift in Sources */ = {isa = PBXBuildFile; fileRef = 23C5F7CC27542C5E006F0DE1 /* Color.swift */; };
		23C5F7CF27542E7F006F0DE1 /* SpeechRecognitionState.swift in Sources */ = {isa = PBXBuildFile; fileRef = 23C5F7CE27542E7F006F0DE1 /* SpeechRecognitionState.swift */; };
		23C5F7D227542EBB006F0DE1 /* SpeechClient.swift in Sources */ = {isa = PBXBuildFile; fileRef = 23C5F7D127542EBB006F0DE1 /* SpeechClient.swift */; };
		23C5F7D427542ED3006F0DE1 /* SpeechClientModels.swift in Sources */ = {isa = PBXBuildFile; fileRef = 23C5F7D327542ED3006F0DE1 /* SpeechClientModels.swift */; };
		23C5F7D627542FB3006F0DE1 /* LiveSpeechClient.swift.swift in Sources */ = {isa = PBXBuildFile; fileRef = 23C5F7D527542FB3006F0DE1 /* LiveSpeechClient.swift.swift */; };
		23C5F7D827543605006F0DE1 /* MeetingView.swift in Sources */ = {isa = PBXBuildFile; fileRef = 23C5F7D727543605006F0DE1 /* MeetingView.swift */; };
		23C5F7DA2754376B006F0DE1 /* MeetingTimer.swift in Sources */ = {isa = PBXBuildFile; fileRef = 23C5F7D92754376B006F0DE1 /* MeetingTimer.swift */; };
		23C5F812275455DC006F0DE1 /* ScrumView.swift in Sources */ = {isa = PBXBuildFile; fileRef = 23C5F811275455DC006F0DE1 /* ScrumView.swift */; };
		23C5F81527545632006F0DE1 /* AudioPlayerClient.swift in Sources */ = {isa = PBXBuildFile; fileRef = 23C5F81427545632006F0DE1 /* AudioPlayerClient.swift */; };
		23C5F8172754566F006F0DE1 /* LiveAudioPlayerClient.swift in Sources */ = {isa = PBXBuildFile; fileRef = 23C5F8162754566F006F0DE1 /* LiveAudioPlayerClient.swift */; };
		23C5F81A2754570A006F0DE1 /* ding.wav in Resources */ = {isa = PBXBuildFile; fileRef = 23C5F8192754570A006F0DE1 /* ding.wav */; };
		23C5F82027545F35006F0DE1 /* CardView.swift in Sources */ = {isa = PBXBuildFile; fileRef = 23C5F81F27545F35006F0DE1 /* CardView.swift */; };
		23C5F82227545F40006F0DE1 /* HistoryView.swift in Sources */ = {isa = PBXBuildFile; fileRef = 23C5F82127545F40006F0DE1 /* HistoryView.swift */; };
		23C5F82627545F47006F0DE1 /* MeetingTimerView.swift in Sources */ = {isa = PBXBuildFile; fileRef = 23C5F82327545F47006F0DE1 /* MeetingTimerView.swift */; };
		23C5F82727545F47006F0DE1 /* MeetingFooterView.swift in Sources */ = {isa = PBXBuildFile; fileRef = 23C5F82427545F47006F0DE1 /* MeetingFooterView.swift */; };
		23C5F82827545F47006F0DE1 /* MeetingHeaderView.swift in Sources */ = {isa = PBXBuildFile; fileRef = 23C5F82527545F47006F0DE1 /* MeetingHeaderView.swift */; };
		23C5F82A27546321006F0DE1 /* ScrumsView.swift in Sources */ = {isa = PBXBuildFile; fileRef = 23C5F82927546321006F0DE1 /* ScrumsView.swift */; };
		23C5F831275463A3006F0DE1 /* FileClient.swift in Sources */ = {isa = PBXBuildFile; fileRef = 23C5F82C275463A3006F0DE1 /* FileClient.swift */; };
		23C5F832275463A3006F0DE1 /* LiveFileClient.swift in Sources */ = {isa = PBXBuildFile; fileRef = 23C5F82D275463A3006F0DE1 /* LiveFileClient.swift */; };
		23C5F833275463A3006F0DE1 /* ScrumData.swift in Sources */ = {isa = PBXBuildFile; fileRef = 23C5F82E275463A3006F0DE1 /* ScrumData.swift */; };
		23C5F835275463A3006F0DE1 /* FileClientEffects.swift in Sources */ = {isa = PBXBuildFile; fileRef = 23C5F830275463A3006F0DE1 /* FileClientEffects.swift */; };
		23C5F85627548202006F0DE1 /* Reducer+Presents.swift in Sources */ = {isa = PBXBuildFile; fileRef = 23C5F85527548202006F0DE1 /* Reducer+Presents.swift */; };
/* End PBXBuildFile section */

/* Begin PBXContainerItemProxy section */
		23C5F73D275424D4006F0DE1 /* PBXContainerItemProxy */ = {
			isa = PBXContainerItemProxy;
			containerPortal = 23C5F724275424D2006F0DE1 /* Project object */;
			proxyType = 1;
			remoteGlobalIDString = 23C5F72B275424D2006F0DE1;
			remoteInfo = ScrumdingerTCA;
		};
/* End PBXContainerItemProxy section */

/* Begin PBXFileReference section */
		23C5F72C275424D3006F0DE1 /* ScrumdingerTCA.app */ = {isa = PBXFileReference; explicitFileType = wrapper.application; includeInIndex = 0; path = ScrumdingerTCA.app; sourceTree = BUILT_PRODUCTS_DIR; };
		23C5F72F275424D3006F0DE1 /* ScrumdingerTCAApp.swift */ = {isa = PBXFileReference; lastKnownFileType = sourcecode.swift; path = ScrumdingerTCAApp.swift; sourceTree = "<group>"; };
		23C5F731275424D3006F0DE1 /* AppView.swift */ = {isa = PBXFileReference; lastKnownFileType = sourcecode.swift; path = AppView.swift; sourceTree = "<group>"; };
		23C5F73C275424D4006F0DE1 /* ScrumdingerTCATests.xctest */ = {isa = PBXFileReference; explicitFileType = wrapper.cfbundle; includeInIndex = 0; path = ScrumdingerTCATests.xctest; sourceTree = BUILT_PRODUCTS_DIR; };
		23C5F740275424D4006F0DE1 /* ScrumdingerTCATests.swift */ = {isa = PBXFileReference; lastKnownFileType = sourcecode.swift; path = ScrumdingerTCATests.swift; sourceTree = "<group>"; };
		23C5F7CA27542BE2006F0DE1 /* EditView.swift */ = {isa = PBXFileReference; lastKnownFileType = sourcecode.swift; path = EditView.swift; sourceTree = "<group>"; };
		23C5F7CC27542C5E006F0DE1 /* Color.swift */ = {isa = PBXFileReference; lastKnownFileType = sourcecode.swift; path = Color.swift; sourceTree = "<group>"; };
		23C5F7CE27542E7F006F0DE1 /* SpeechRecognitionState.swift */ = {isa = PBXFileReference; lastKnownFileType = sourcecode.swift; path = SpeechRecognitionState.swift; sourceTree = "<group>"; };
		23C5F7D127542EBB006F0DE1 /* SpeechClient.swift */ = {isa = PBXFileReference; lastKnownFileType = sourcecode.swift; path = SpeechClient.swift; sourceTree = "<group>"; };
		23C5F7D327542ED3006F0DE1 /* SpeechClientModels.swift */ = {isa = PBXFileReference; lastKnownFileType = sourcecode.swift; path = SpeechClientModels.swift; sourceTree = "<group>"; };
		23C5F7D527542FB3006F0DE1 /* LiveSpeechClient.swift.swift */ = {isa = PBXFileReference; lastKnownFileType = sourcecode.swift; path = LiveSpeechClient.swift.swift; sourceTree = "<group>"; };
		23C5F7D727543605006F0DE1 /* MeetingView.swift */ = {isa = PBXFileReference; lastKnownFileType = sourcecode.swift; path = MeetingView.swift; sourceTree = "<group>"; };
		23C5F7D92754376B006F0DE1 /* MeetingTimer.swift */ = {isa = PBXFileReference; lastKnownFileType = sourcecode.swift; path = MeetingTimer.swift; sourceTree = "<group>"; };
		23C5F811275455DC006F0DE1 /* ScrumView.swift */ = {isa = PBXFileReference; lastKnownFileType = sourcecode.swift; path = ScrumView.swift; sourceTree = "<group>"; };
		23C5F81427545632006F0DE1 /* AudioPlayerClient.swift */ = {isa = PBXFileReference; lastKnownFileType = sourcecode.swift; path = AudioPlayerClient.swift; sourceTree = "<group>"; };
		23C5F8162754566F006F0DE1 /* LiveAudioPlayerClient.swift */ = {isa = PBXFileReference; lastKnownFileType = sourcecode.swift; path = LiveAudioPlayerClient.swift; sourceTree = "<group>"; };
		23C5F8192754570A006F0DE1 /* ding.wav */ = {isa = PBXFileReference; lastKnownFileType = audio.wav; path = ding.wav; sourceTree = "<group>"; };
		23C5F81F27545F35006F0DE1 /* CardView.swift */ = {isa = PBXFileReference; fileEncoding = 4; lastKnownFileType = sourcecode.swift; path = CardView.swift; sourceTree = "<group>"; };
		23C5F82127545F40006F0DE1 /* HistoryView.swift */ = {isa = PBXFileReference; fileEncoding = 4; lastKnownFileType = sourcecode.swift; path = HistoryView.swift; sourceTree = "<group>"; };
		23C5F82327545F47006F0DE1 /* MeetingTimerView.swift */ = {isa = PBXFileReference; fileEncoding = 4; lastKnownFileType = sourcecode.swift; path = MeetingTimerView.swift; sourceTree = "<group>"; };
		23C5F82427545F47006F0DE1 /* MeetingFooterView.swift */ = {isa = PBXFileReference; fileEncoding = 4; lastKnownFileType = sourcecode.swift; path = MeetingFooterView.swift; sourceTree = "<group>"; };
		23C5F82527545F47006F0DE1 /* MeetingHeaderView.swift */ = {isa = PBXFileReference; fileEncoding = 4; lastKnownFileType = sourcecode.swift; path = MeetingHeaderView.swift; sourceTree = "<group>"; };
		23C5F82927546321006F0DE1 /* ScrumsView.swift */ = {isa = PBXFileReference; lastKnownFileType = sourcecode.swift; path = ScrumsView.swift; sourceTree = "<group>"; };
		23C5F82C275463A3006F0DE1 /* FileClient.swift */ = {isa = PBXFileReference; fileEncoding = 4; lastKnownFileType = sourcecode.swift; path = FileClient.swift; sourceTree = "<group>"; };
		23C5F82D275463A3006F0DE1 /* LiveFileClient.swift */ = {isa = PBXFileReference; fileEncoding = 4; lastKnownFileType = sourcecode.swift; path = LiveFileClient.swift; sourceTree = "<group>"; };
		23C5F82E275463A3006F0DE1 /* ScrumData.swift */ = {isa = PBXFileReference; fileEncoding = 4; lastKnownFileType = sourcecode.swift; path = ScrumData.swift; sourceTree = "<group>"; };
		23C5F830275463A3006F0DE1 /* FileClientEffects.swift */ = {isa = PBXFileReference; fileEncoding = 4; lastKnownFileType = sourcecode.swift; path = FileClientEffects.swift; sourceTree = "<group>"; };
		23C5F85527548202006F0DE1 /* Reducer+Presents.swift */ = {isa = PBXFileReference; lastKnownFileType = sourcecode.swift; path = "Reducer+Presents.swift"; sourceTree = "<group>"; };
/* End PBXFileReference section */

/* Begin PBXFrameworksBuildPhase section */
		23C5F729275424D2006F0DE1 /* Frameworks */ = {
			isa = PBXFrameworksBuildPhase;
			buildActionMask = 2147483647;
			files = (
				23C5F7C727542A40006F0DE1 /* ComposableArchitecture in Frameworks */,
			);
			runOnlyForDeploymentPostprocessing = 0;
		};
		23C5F739275424D4006F0DE1 /* Frameworks */ = {
			isa = PBXFrameworksBuildPhase;
			buildActionMask = 2147483647;
			files = (
			);
			runOnlyForDeploymentPostprocessing = 0;
		};
/* End PBXFrameworksBuildPhase section */

/* Begin PBXGroup section */
		23C5F723275424D2006F0DE1 = {
			isa = PBXGroup;
			children = (
				23C5F72E275424D3006F0DE1 /* ScrumdingerTCA */,
				23C5F73F275424D4006F0DE1 /* ScrumdingerTCATests */,
				23C5F72D275424D3006F0DE1 /* Products */,
			);
			sourceTree = "<group>";
		};
		23C5F72D275424D3006F0DE1 /* Products */ = {
			isa = PBXGroup;
			children = (
				23C5F72C275424D3006F0DE1 /* ScrumdingerTCA.app */,
				23C5F73C275424D4006F0DE1 /* ScrumdingerTCATests.xctest */,
			);
			name = Products;
			sourceTree = "<group>";
		};
		23C5F72E275424D3006F0DE1 /* ScrumdingerTCA */ = {
			isa = PBXGroup;
			children = (
				23C5F731275424D3006F0DE1 /* AppView.swift */,
				23C5F72F275424D3006F0DE1 /* ScrumdingerTCAApp.swift */,
				23C5F81D27545EF3006F0DE1 /* Meeting */,
				23C5F81E27545F26006F0DE1 /* Scrum */,
				23C5F85427548192006F0DE1 /* Helpers */,
				23C5F81327545617006F0DE1 /* AudioPlayerClient */,
				23C5F82B2754638F006F0DE1 /* FileClient */,
				23C5F7D027542E9C006F0DE1 /* SpeechClient */,
				23C5F818275456FF006F0DE1 /* Resources */,
			);
			path = ScrumdingerTCA;
			sourceTree = "<group>";
		};
		23C5F73F275424D4006F0DE1 /* ScrumdingerTCATests */ = {
			isa = PBXGroup;
			children = (
				23C5F740275424D4006F0DE1 /* ScrumdingerTCATests.swift */,
			);
			path = ScrumdingerTCATests;
			sourceTree = "<group>";
		};
		23C5F7D027542E9C006F0DE1 /* SpeechClient */ = {
			isa = PBXGroup;
			children = (
				23C5F7D527542FB3006F0DE1 /* LiveSpeechClient.swift.swift */,
				23C5F7D127542EBB006F0DE1 /* SpeechClient.swift */,
				23C5F7D327542ED3006F0DE1 /* SpeechClientModels.swift */,
			);
			path = SpeechClient;
			sourceTree = "<group>";
		};
		23C5F81327545617006F0DE1 /* AudioPlayerClient */ = {
			isa = PBXGroup;
			children = (
				23C5F81427545632006F0DE1 /* AudioPlayerClient.swift */,
				23C5F8162754566F006F0DE1 /* LiveAudioPlayerClient.swift */,
			);
			path = AudioPlayerClient;
			sourceTree = "<group>";
		};
		23C5F818275456FF006F0DE1 /* Resources */ = {
			isa = PBXGroup;
			children = (
				23C5F8192754570A006F0DE1 /* ding.wav */,
			);
			path = Resources;
			sourceTree = "<group>";
		};
		23C5F81D27545EF3006F0DE1 /* Meeting */ = {
			isa = PBXGroup;
			children = (
				23C5F82427545F47006F0DE1 /* MeetingFooterView.swift */,
				23C5F82527545F47006F0DE1 /* MeetingHeaderView.swift */,
				23C5F7D92754376B006F0DE1 /* MeetingTimer.swift */,
				23C5F82327545F47006F0DE1 /* MeetingTimerView.swift */,
				23C5F7D727543605006F0DE1 /* MeetingView.swift */,
				23C5F7CE27542E7F006F0DE1 /* SpeechRecognitionState.swift */,
			);
			path = Meeting;
			sourceTree = "<group>";
		};
		23C5F81E27545F26006F0DE1 /* Scrum */ = {
			isa = PBXGroup;
			children = (
				23C5F81F27545F35006F0DE1 /* CardView.swift */,
				23C5F7CA27542BE2006F0DE1 /* EditView.swift */,
				23C5F82127545F40006F0DE1 /* HistoryView.swift */,
				23C5F811275455DC006F0DE1 /* ScrumView.swift */,
				23C5F82927546321006F0DE1 /* ScrumsView.swift */,
			);
			path = Scrum;
			sourceTree = "<group>";
		};
		23C5F82B2754638F006F0DE1 /* FileClient */ = {
			isa = PBXGroup;
			children = (
				23C5F82C275463A3006F0DE1 /* FileClient.swift */,
				23C5F830275463A3006F0DE1 /* FileClientEffects.swift */,
				23C5F82D275463A3006F0DE1 /* LiveFileClient.swift */,
				23C5F82E275463A3006F0DE1 /* ScrumData.swift */,
			);
			path = FileClient;
			sourceTree = "<group>";
		};
		23C5F85427548192006F0DE1 /* Helpers */ = {
			isa = PBXGroup;
			children = (
				23C5F7CC27542C5E006F0DE1 /* Color.swift */,
				23C5F85527548202006F0DE1 /* Reducer+Presents.swift */,
			);
			path = Helpers;
			sourceTree = "<group>";
		};
/* End PBXGroup section */

/* Begin PBXNativeTarget section */
		23C5F72B275424D2006F0DE1 /* ScrumdingerTCA */ = {
			isa = PBXNativeTarget;
			buildConfigurationList = 23C5F750275424D4006F0DE1 /* Build configuration list for PBXNativeTarget "ScrumdingerTCA" */;
			buildPhases = (
				23C5F728275424D2006F0DE1 /* Sources */,
				23C5F729275424D2006F0DE1 /* Frameworks */,
				23C5F72A275424D2006F0DE1 /* Resources */,
			);
			buildRules = (
			);
			dependencies = (
			);
			name = ScrumdingerTCA;
			packageProductDependencies = (
				23C5F7C627542A40006F0DE1 /* ComposableArchitecture */,
			);
			productName = ScrumdingerTCA;
			productReference = 23C5F72C275424D3006F0DE1 /* ScrumdingerTCA.app */;
			productType = "com.apple.product-type.application";
		};
		23C5F73B275424D4006F0DE1 /* ScrumdingerTCATests */ = {
			isa = PBXNativeTarget;
			buildConfigurationList = 23C5F753275424D4006F0DE1 /* Build configuration list for PBXNativeTarget "ScrumdingerTCATests" */;
			buildPhases = (
				23C5F738275424D4006F0DE1 /* Sources */,
				23C5F739275424D4006F0DE1 /* Frameworks */,
				23C5F73A275424D4006F0DE1 /* Resources */,
			);
			buildRules = (
			);
			dependencies = (
				23C5F73E275424D4006F0DE1 /* PBXTargetDependency */,
			);
			name = ScrumdingerTCATests;
			productName = ScrumdingerTCATests;
			productReference = 23C5F73C275424D4006F0DE1 /* ScrumdingerTCATests.xctest */;
			productType = "com.apple.product-type.bundle.unit-test";
		};
/* End PBXNativeTarget section */

/* Begin PBXProject section */
		23C5F724275424D2006F0DE1 /* Project object */ = {
			isa = PBXProject;
			attributes = {
				BuildIndependentTargetsInParallel = 1;
				LastSwiftUpdateCheck = 1310;
				LastUpgradeCheck = 1310;
				TargetAttributes = {
					23C5F72B275424D2006F0DE1 = {
						CreatedOnToolsVersion = 13.1;
					};
					23C5F73B275424D4006F0DE1 = {
						CreatedOnToolsVersion = 13.1;
						TestTargetID = 23C5F72B275424D2006F0DE1;
					};
				};
			};
			buildConfigurationList = 23C5F727275424D2006F0DE1 /* Build configuration list for PBXProject "ScrumdingerTCA" */;
			compatibilityVersion = "Xcode 13.0";
			developmentRegion = en;
			hasScannedForEncodings = 0;
			knownRegions = (
				en,
				Base,
			);
			mainGroup = 23C5F723275424D2006F0DE1;
			packageReferences = (
				23C5F7C527542A40006F0DE1 /* XCRemoteSwiftPackageReference "swift-composable-architecture" */,
			);
			productRefGroup = 23C5F72D275424D3006F0DE1 /* Products */;
			projectDirPath = "";
			projectRoot = "";
			targets = (
				23C5F72B275424D2006F0DE1 /* ScrumdingerTCA */,
				23C5F73B275424D4006F0DE1 /* ScrumdingerTCATests */,
			);
		};
/* End PBXProject section */

/* Begin PBXResourcesBuildPhase section */
		23C5F72A275424D2006F0DE1 /* Resources */ = {
			isa = PBXResourcesBuildPhase;
			buildActionMask = 2147483647;
			files = (
				23C5F81A2754570A006F0DE1 /* ding.wav in Resources */,
			);
			runOnlyForDeploymentPostprocessing = 0;
		};
		23C5F73A275424D4006F0DE1 /* Resources */ = {
			isa = PBXResourcesBuildPhase;
			buildActionMask = 2147483647;
			files = (
			);
			runOnlyForDeploymentPostprocessing = 0;
		};
/* End PBXResourcesBuildPhase section */

/* Begin PBXSourcesBuildPhase section */
		23C5F728275424D2006F0DE1 /* Sources */ = {
			isa = PBXSourcesBuildPhase;
			buildActionMask = 2147483647;
			files = (
				23C5F82627545F47006F0DE1 /* MeetingTimerView.swift in Sources */,
				23C5F835275463A3006F0DE1 /* FileClientEffects.swift in Sources */,
				23C5F85627548202006F0DE1 /* Reducer+Presents.swift in Sources */,
				23C5F732275424D3006F0DE1 /* AppView.swift in Sources */,
				23C5F82827545F47006F0DE1 /* MeetingHeaderView.swift in Sources */,
				23C5F82A27546321006F0DE1 /* ScrumsView.swift in Sources */,
				23C5F81527545632006F0DE1 /* AudioPlayerClient.swift in Sources */,
				23C5F7D227542EBB006F0DE1 /* SpeechClient.swift in Sources */,
				23C5F833275463A3006F0DE1 /* ScrumData.swift in Sources */,
				23C5F7D827543605006F0DE1 /* MeetingView.swift in Sources */,
				23C5F82027545F35006F0DE1 /* CardView.swift in Sources */,
				23C5F8172754566F006F0DE1 /* LiveAudioPlayerClient.swift in Sources */,
				23C5F832275463A3006F0DE1 /* LiveFileClient.swift in Sources */,
				23C5F812275455DC006F0DE1 /* ScrumView.swift in Sources */,
				23C5F7CF27542E7F006F0DE1 /* SpeechRecognitionState.swift in Sources */,
				23C5F82227545F40006F0DE1 /* HistoryView.swift in Sources */,
				23C5F82727545F47006F0DE1 /* MeetingFooterView.swift in Sources */,
				23C5F7CB27542BE2006F0DE1 /* EditView.swift in Sources */,
				23C5F7D627542FB3006F0DE1 /* LiveSpeechClient.swift.swift in Sources */,
				23C5F7CD27542C5E006F0DE1 /* Color.swift in Sources */,
				23C5F7D427542ED3006F0DE1 /* SpeechClientModels.swift in Sources */,
				23C5F7DA2754376B006F0DE1 /* MeetingTimer.swift in Sources */,
				23C5F831275463A3006F0DE1 /* FileClient.swift in Sources */,
				23C5F730275424D3006F0DE1 /* ScrumdingerTCAApp.swift in Sources */,
			);
			runOnlyForDeploymentPostprocessing = 0;
		};
		23C5F738275424D4006F0DE1 /* Sources */ = {
			isa = PBXSourcesBuildPhase;
			buildActionMask = 2147483647;
			files = (
				23C5F741275424D4006F0DE1 /* ScrumdingerTCATests.swift in Sources */,
			);
			runOnlyForDeploymentPostprocessing = 0;
		};
/* End PBXSourcesBuildPhase section */

/* Begin PBXTargetDependency section */
		23C5F73E275424D4006F0DE1 /* PBXTargetDependency */ = {
			isa = PBXTargetDependency;
			target = 23C5F72B275424D2006F0DE1 /* ScrumdingerTCA */;
			targetProxy = 23C5F73D275424D4006F0DE1 /* PBXContainerItemProxy */;
		};
/* End PBXTargetDependency section */

/* Begin XCBuildConfiguration section */
		23C5F74E275424D4006F0DE1 /* Debug */ = {
			isa = XCBuildConfiguration;
			buildSettings = {
				ALWAYS_SEARCH_USER_PATHS = NO;
				CLANG_ANALYZER_NONNULL = YES;
				CLANG_ANALYZER_NUMBER_OBJECT_CONVERSION = YES_AGGRESSIVE;
				CLANG_CXX_LANGUAGE_STANDARD = "gnu++17";
				CLANG_CXX_LIBRARY = "libc++";
				CLANG_ENABLE_MODULES = YES;
				CLANG_ENABLE_OBJC_ARC = YES;
				CLANG_ENABLE_OBJC_WEAK = YES;
				CLANG_WARN_BLOCK_CAPTURE_AUTORELEASING = YES;
				CLANG_WARN_BOOL_CONVERSION = YES;
				CLANG_WARN_COMMA = YES;
				CLANG_WARN_CONSTANT_CONVERSION = YES;
				CLANG_WARN_DEPRECATED_OBJC_IMPLEMENTATIONS = YES;
				CLANG_WARN_DIRECT_OBJC_ISA_USAGE = YES_ERROR;
				CLANG_WARN_DOCUMENTATION_COMMENTS = YES;
				CLANG_WARN_EMPTY_BODY = YES;
				CLANG_WARN_ENUM_CONVERSION = YES;
				CLANG_WARN_INFINITE_RECURSION = YES;
				CLANG_WARN_INT_CONVERSION = YES;
				CLANG_WARN_NON_LITERAL_NULL_CONVERSION = YES;
				CLANG_WARN_OBJC_IMPLICIT_RETAIN_SELF = YES;
				CLANG_WARN_OBJC_LITERAL_CONVERSION = YES;
				CLANG_WARN_OBJC_ROOT_CLASS = YES_ERROR;
				CLANG_WARN_QUOTED_INCLUDE_IN_FRAMEWORK_HEADER = YES;
				CLANG_WARN_RANGE_LOOP_ANALYSIS = YES;
				CLANG_WARN_STRICT_PROTOTYPES = YES;
				CLANG_WARN_SUSPICIOUS_MOVE = YES;
				CLANG_WARN_UNGUARDED_AVAILABILITY = YES_AGGRESSIVE;
				CLANG_WARN_UNREACHABLE_CODE = YES;
				CLANG_WARN__DUPLICATE_METHOD_MATCH = YES;
				COPY_PHASE_STRIP = NO;
				DEBUG_INFORMATION_FORMAT = dwarf;
				ENABLE_STRICT_OBJC_MSGSEND = YES;
				ENABLE_TESTABILITY = YES;
				GCC_C_LANGUAGE_STANDARD = gnu11;
				GCC_DYNAMIC_NO_PIC = NO;
				GCC_NO_COMMON_BLOCKS = YES;
				GCC_OPTIMIZATION_LEVEL = 0;
				GCC_PREPROCESSOR_DEFINITIONS = (
					"DEBUG=1",
					"$(inherited)",
				);
				GCC_WARN_64_TO_32_BIT_CONVERSION = YES;
				GCC_WARN_ABOUT_RETURN_TYPE = YES_ERROR;
				GCC_WARN_UNDECLARED_SELECTOR = YES;
				GCC_WARN_UNINITIALIZED_AUTOS = YES_AGGRESSIVE;
				GCC_WARN_UNUSED_FUNCTION = YES;
				GCC_WARN_UNUSED_VARIABLE = YES;
				IPHONEOS_DEPLOYMENT_TARGET = 15.0;
				MTL_ENABLE_DEBUG_INFO = INCLUDE_SOURCE;
				MTL_FAST_MATH = YES;
				ONLY_ACTIVE_ARCH = YES;
				SDKROOT = iphoneos;
				SWIFT_ACTIVE_COMPILATION_CONDITIONS = DEBUG;
				SWIFT_OPTIMIZATION_LEVEL = "-Onone";
			};
			name = Debug;
		};
		23C5F74F275424D4006F0DE1 /* Release */ = {
			isa = XCBuildConfiguration;
			buildSettings = {
				ALWAYS_SEARCH_USER_PATHS = NO;
				CLANG_ANALYZER_NONNULL = YES;
				CLANG_ANALYZER_NUMBER_OBJECT_CONVERSION = YES_AGGRESSIVE;
				CLANG_CXX_LANGUAGE_STANDARD = "gnu++17";
				CLANG_CXX_LIBRARY = "libc++";
				CLANG_ENABLE_MODULES = YES;
				CLANG_ENABLE_OBJC_ARC = YES;
				CLANG_ENABLE_OBJC_WEAK = YES;
				CLANG_WARN_BLOCK_CAPTURE_AUTORELEASING = YES;
				CLANG_WARN_BOOL_CONVERSION = YES;
				CLANG_WARN_COMMA = YES;
				CLANG_WARN_CONSTANT_CONVERSION = YES;
				CLANG_WARN_DEPRECATED_OBJC_IMPLEMENTATIONS = YES;
				CLANG_WARN_DIRECT_OBJC_ISA_USAGE = YES_ERROR;
				CLANG_WARN_DOCUMENTATION_COMMENTS = YES;
				CLANG_WARN_EMPTY_BODY = YES;
				CLANG_WARN_ENUM_CONVERSION = YES;
				CLANG_WARN_INFINITE_RECURSION = YES;
				CLANG_WARN_INT_CONVERSION = YES;
				CLANG_WARN_NON_LITERAL_NULL_CONVERSION = YES;
				CLANG_WARN_OBJC_IMPLICIT_RETAIN_SELF = YES;
				CLANG_WARN_OBJC_LITERAL_CONVERSION = YES;
				CLANG_WARN_OBJC_ROOT_CLASS = YES_ERROR;
				CLANG_WARN_QUOTED_INCLUDE_IN_FRAMEWORK_HEADER = YES;
				CLANG_WARN_RANGE_LOOP_ANALYSIS = YES;
				CLANG_WARN_STRICT_PROTOTYPES = YES;
				CLANG_WARN_SUSPICIOUS_MOVE = YES;
				CLANG_WARN_UNGUARDED_AVAILABILITY = YES_AGGRESSIVE;
				CLANG_WARN_UNREACHABLE_CODE = YES;
				CLANG_WARN__DUPLICATE_METHOD_MATCH = YES;
				COPY_PHASE_STRIP = NO;
				DEBUG_INFORMATION_FORMAT = "dwarf-with-dsym";
				ENABLE_NS_ASSERTIONS = NO;
				ENABLE_STRICT_OBJC_MSGSEND = YES;
				GCC_C_LANGUAGE_STANDARD = gnu11;
				GCC_NO_COMMON_BLOCKS = YES;
				GCC_WARN_64_TO_32_BIT_CONVERSION = YES;
				GCC_WARN_ABOUT_RETURN_TYPE = YES_ERROR;
				GCC_WARN_UNDECLARED_SELECTOR = YES;
				GCC_WARN_UNINITIALIZED_AUTOS = YES_AGGRESSIVE;
				GCC_WARN_UNUSED_FUNCTION = YES;
				GCC_WARN_UNUSED_VARIABLE = YES;
				IPHONEOS_DEPLOYMENT_TARGET = 15.0;
				MTL_ENABLE_DEBUG_INFO = NO;
				MTL_FAST_MATH = YES;
				SDKROOT = iphoneos;
				SWIFT_COMPILATION_MODE = wholemodule;
				SWIFT_OPTIMIZATION_LEVEL = "-O";
				VALIDATE_PRODUCT = YES;
			};
			name = Release;
		};
		23C5F751275424D4006F0DE1 /* Debug */ = {
			isa = XCBuildConfiguration;
			buildSettings = {
				ASSETCATALOG_COMPILER_APPICON_NAME = AppIcon;
				ASSETCATALOG_COMPILER_GLOBAL_ACCENT_COLOR_NAME = AccentColor;
				CODE_SIGN_STYLE = Automatic;
				CURRENT_PROJECT_VERSION = 1;
				DEVELOPMENT_ASSET_PATHS = "";
				DEVELOPMENT_TEAM = G7SC3UG6VB;
				ENABLE_PREVIEWS = YES;
				GENERATE_INFOPLIST_FILE = YES;
				INFOPLIST_KEY_NSMicrophoneUsageDescription = "Audio is recorded to transcribe the meeting. Audio recordings are discarded after transcription.";
				INFOPLIST_KEY_NSSpeechRecognitionUsageDescription = "You can view a text transcription of your meeting in the app.";
				INFOPLIST_KEY_UIApplicationSceneManifest_Generation = YES;
				INFOPLIST_KEY_UIApplicationSupportsIndirectInputEvents = YES;
				INFOPLIST_KEY_UILaunchScreen_Generation = YES;
				INFOPLIST_KEY_UISupportedInterfaceOrientations_iPad = "UIInterfaceOrientationPortrait UIInterfaceOrientationPortraitUpsideDown UIInterfaceOrientationLandscapeLeft UIInterfaceOrientationLandscapeRight";
				INFOPLIST_KEY_UISupportedInterfaceOrientations_iPhone = "UIInterfaceOrientationPortrait UIInterfaceOrientationLandscapeLeft UIInterfaceOrientationLandscapeRight";
				LD_RUNPATH_SEARCH_PATHS = (
					"$(inherited)",
					"@executable_path/Frameworks",
				);
				MARKETING_VERSION = 1.0;
				PRODUCT_BUNDLE_IDENTIFIER = dev.patbrown.ScrumdingerTCA;
				PRODUCT_NAME = "$(TARGET_NAME)";
				SWIFT_EMIT_LOC_STRINGS = YES;
				SWIFT_VERSION = 5.0;
				TARGETED_DEVICE_FAMILY = "1,2";
			};
			name = Debug;
		};
		23C5F752275424D4006F0DE1 /* Release */ = {
			isa = XCBuildConfiguration;
			buildSettings = {
				ASSETCATALOG_COMPILER_APPICON_NAME = AppIcon;
				ASSETCATALOG_COMPILER_GLOBAL_ACCENT_COLOR_NAME = AccentColor;
				CODE_SIGN_STYLE = Automatic;
				CURRENT_PROJECT_VERSION = 1;
				DEVELOPMENT_ASSET_PATHS = "";
				DEVELOPMENT_TEAM = G7SC3UG6VB;
				ENABLE_PREVIEWS = YES;
				GENERATE_INFOPLIST_FILE = YES;
				INFOPLIST_KEY_NSMicrophoneUsageDescription = "Audio is recorded to transcribe the meeting. Audio recordings are discarded after transcription.";
				INFOPLIST_KEY_NSSpeechRecognitionUsageDescription = "You can view a text transcription of your meeting in the app.";
				INFOPLIST_KEY_UIApplicationSceneManifest_Generation = YES;
				INFOPLIST_KEY_UIApplicationSupportsIndirectInputEvents = YES;
				INFOPLIST_KEY_UILaunchScreen_Generation = YES;
				INFOPLIST_KEY_UISupportedInterfaceOrientations_iPad = "UIInterfaceOrientationPortrait UIInterfaceOrientationPortraitUpsideDown UIInterfaceOrientationLandscapeLeft UIInterfaceOrientationLandscapeRight";
				INFOPLIST_KEY_UISupportedInterfaceOrientations_iPhone = "UIInterfaceOrientationPortrait UIInterfaceOrientationLandscapeLeft UIInterfaceOrientationLandscapeRight";
				LD_RUNPATH_SEARCH_PATHS = (
					"$(inherited)",
					"@executable_path/Frameworks",
				);
				MARKETING_VERSION = 1.0;
				PRODUCT_BUNDLE_IDENTIFIER = dev.patbrown.ScrumdingerTCA;
				PRODUCT_NAME = "$(TARGET_NAME)";
				SWIFT_EMIT_LOC_STRINGS = YES;
				SWIFT_VERSION = 5.0;
				TARGETED_DEVICE_FAMILY = "1,2";
			};
			name = Release;
		};
		23C5F754275424D4006F0DE1 /* Debug */ = {
			isa = XCBuildConfiguration;
			buildSettings = {
				ALWAYS_EMBED_SWIFT_STANDARD_LIBRARIES = YES;
				BUNDLE_LOADER = "$(TEST_HOST)";
				CODE_SIGN_STYLE = Automatic;
				CURRENT_PROJECT_VERSION = 1;
				DEVELOPMENT_TEAM = G7SC3UG6VB;
				GENERATE_INFOPLIST_FILE = YES;
				IPHONEOS_DEPLOYMENT_TARGET = 15.0;
				LD_RUNPATH_SEARCH_PATHS = (
					"$(inherited)",
					"@executable_path/Frameworks",
					"@loader_path/Frameworks",
				);
				MARKETING_VERSION = 1.0;
				PRODUCT_BUNDLE_IDENTIFIER = dev.patbrown.ScrumdingerTCATests;
				PRODUCT_NAME = "$(TARGET_NAME)";
				SWIFT_EMIT_LOC_STRINGS = NO;
				SWIFT_VERSION = 5.0;
				TARGETED_DEVICE_FAMILY = "1,2";
				TEST_HOST = "$(BUILT_PRODUCTS_DIR)/ScrumdingerTCA.app/ScrumdingerTCA";
			};
			name = Debug;
		};
		23C5F755275424D4006F0DE1 /* Release */ = {
			isa = XCBuildConfiguration;
			buildSettings = {
				ALWAYS_EMBED_SWIFT_STANDARD_LIBRARIES = YES;
				BUNDLE_LOADER = "$(TEST_HOST)";
				CODE_SIGN_STYLE = Automatic;
				CURRENT_PROJECT_VERSION = 1;
				DEVELOPMENT_TEAM = G7SC3UG6VB;
				GENERATE_INFOPLIST_FILE = YES;
				IPHONEOS_DEPLOYMENT_TARGET = 15.0;
				LD_RUNPATH_SEARCH_PATHS = (
					"$(inherited)",
					"@executable_path/Frameworks",
					"@loader_path/Frameworks",
				);
				MARKETING_VERSION = 1.0;
				PRODUCT_BUNDLE_IDENTIFIER = dev.patbrown.ScrumdingerTCATests;
				PRODUCT_NAME = "$(TARGET_NAME)";
				SWIFT_EMIT_LOC_STRINGS = NO;
				SWIFT_VERSION = 5.0;
				TARGETED_DEVICE_FAMILY = "1,2";
				TEST_HOST = "$(BUILT_PRODUCTS_DIR)/ScrumdingerTCA.app/ScrumdingerTCA";
			};
			name = Release;
		};
/* End XCBuildConfiguration section */

/* Begin XCConfigurationList section */
		23C5F727275424D2006F0DE1 /* Build configuration list for PBXProject "ScrumdingerTCA" */ = {
			isa = XCConfigurationList;
			buildConfigurations = (
				23C5F74E275424D4006F0DE1 /* Debug */,
				23C5F74F275424D4006F0DE1 /* Release */,
			);
			defaultConfigurationIsVisible = 0;
			defaultConfigurationName = Release;
		};
		23C5F750275424D4006F0DE1 /* Build configuration list for PBXNativeTarget "ScrumdingerTCA" */ = {
			isa = XCConfigurationList;
			buildConfigurations = (
				23C5F751275424D4006F0DE1 /* Debug */,
				23C5F752275424D4006F0DE1 /* Release */,
			);
			defaultConfigurationIsVisible = 0;
			defaultConfigurationName = Release;
		};
		23C5F753275424D4006F0DE1 /* Build configuration list for PBXNativeTarget "ScrumdingerTCATests" */ = {
			isa = XCConfigurationList;
			buildConfigurations = (
				23C5F754275424D4006F0DE1 /* Debug */,
				23C5F755275424D4006F0DE1 /* Release */,
			);
			defaultConfigurationIsVisible = 0;
			defaultConfigurationName = Release;
		};
/* End XCConfigurationList section */

/* Begin XCRemoteSwiftPackageReference section */
		23C5F7C527542A40006F0DE1 /* XCRemoteSwiftPackageReference "swift-composable-architecture" */ = {
			isa = XCRemoteSwiftPackageReference;
			repositoryURL = "https://github.com/pointfreeco/swift-composable-architecture.git";
			requirement = {
				kind = upToNextMajorVersion;
				minimumVersion = 0.28.1;
			};
		};
/* End XCRemoteSwiftPackageReference section */

/* Begin XCSwiftPackageProductDependency section */
		23C5F7C627542A40006F0DE1 /* ComposableArchitecture */ = {
			isa = XCSwiftPackageProductDependency;
			package = 23C5F7C527542A40006F0DE1 /* XCRemoteSwiftPackageReference "swift-composable-architecture" */;
			productName = ComposableArchitecture;
		};
/* End XCSwiftPackageProductDependency section */
	};
	rootObject = 23C5F724275424D2006F0DE1 /* Project object */;
}
